
Microsoft Visual Studio Solution File, Format Version 12.00
# Visual Studio Version 17
VisualStudioVersion = 17.7.34221.43
MinimumVisualStudioVersion = 10.0.40219.1
Project("{2150E333-8FDC-42A3-9474-1A3956D46DE8}") = "Src", "Src", "{72D331DF-3754-4F32-8571-3742D286FD0A}"
EndProject
Project("{2150E333-8FDC-42A3-9474-1A3956D46DE8}") = "Tests", "Tests", "{083AE492-8AFB-4799-ABC4-E9C104B61343}"
EndProject
Project("{2150E333-8FDC-42A3-9474-1A3956D46DE8}") = "Adapter", "Adapter", "{39B00278-DB74-4B28-BE32-B14E4BB5E190}"
EndProject
Project("{2150E333-8FDC-42A3-9474-1A3956D46DE8}") = "Driven", "Driven", "{CF0DF6B2-E91D-4C24-B626-D3DAB0413232}"
EndProject
Project("{2150E333-8FDC-42A3-9474-1A3956D46DE8}") = "Driver", "Driver", "{963088D7-3B4F-4380-8489-561B20F45B72}"
EndProject
Project("{2150E333-8FDC-42A3-9474-1A3956D46DE8}") = "Core", "Core", "{BB1E9158-AE8F-42EE-B69A-17FB18E5327C}"
EndProject
Project("{9A19103F-16F7-4668-BE54-9A1E7A4F7556}") = "FIAP.Pos.Tech.Challenge.Api", "Adapter\Driver\Api\FIAP.Pos.Tech.Challenge.Api.csproj", "{28ACBA4F-879C-4520-8F1D-5300F1292459}"
EndProject
Project("{9A19103F-16F7-4668-BE54-9A1E7A4F7556}") = "FIAP.Pos.Tech.Challenge.ConsoleApp", "Adapter\Driver\ConsoleApp\FIAP.Pos.Tech.Challenge.ConsoleApp.csproj", "{9C29BADD-E6D4-4CFB-BC19-5CF2B8BE69BF}"
EndProject
Project("{9A19103F-16F7-4668-BE54-9A1E7A4F7556}") = "FIAP.Pos.Tech.Challenge.Infra", "Adapter\Driven\Infra\FIAP.Pos.Tech.Challenge.Infra.csproj", "{21491D01-0CB3-4AC4-B2FA-9D192619DE0E}"
EndProject
Project("{9A19103F-16F7-4668-BE54-9A1E7A4F7556}") = "FIAP.Pos.Tech.Challenge.Application", "Core\Application\FIAP.Pos.Tech.Challenge.Application.csproj", "{A95B0A81-B9FB-4708-ACDA-3FC15C26E54E}"
EndProject
Project("{9A19103F-16F7-4668-BE54-9A1E7A4F7556}") = "FIAP.Pos.Tech.Challenge.Domain", "Core\Domain\FIAP.Pos.Tech.Challenge.Domain.csproj", "{84C98999-A5D1-481B-A0C4-4B7BA92D9DDA}"
EndProject
Project("{9A19103F-16F7-4668-BE54-9A1E7A4F7556}") = "FIAP.Pos.Tech.Challenge.Ioc", "Core\Ioc\FIAP.Pos.Tech.Challenge.Ioc.csproj", "{72490112-04E7-4335-A05D-82B8CBCBB949}"
EndProject
Global
	GlobalSection(SolutionConfigurationPlatforms) = preSolution
		Debug|Any CPU = Debug|Any CPU
		Release|Any CPU = Release|Any CPU
	EndGlobalSection
	GlobalSection(ProjectConfigurationPlatforms) = postSolution
		{28ACBA4F-879C-4520-8F1D-5300F1292459}.Debug|Any CPU.ActiveCfg = Debug|Any CPU
		{28ACBA4F-879C-4520-8F1D-5300F1292459}.Debug|Any CPU.Build.0 = Debug|Any CPU
		{28ACBA4F-879C-4520-8F1D-5300F1292459}.Release|Any CPU.ActiveCfg = Release|Any CPU
		{28ACBA4F-879C-4520-8F1D-5300F1292459}.Release|Any CPU.Build.0 = Release|Any CPU
		{9C29BADD-E6D4-4CFB-BC19-5CF2B8BE69BF}.Debug|Any CPU.ActiveCfg = Debug|Any CPU
		{9C29BADD-E6D4-4CFB-BC19-5CF2B8BE69BF}.Debug|Any CPU.Build.0 = Debug|Any CPU
		{9C29BADD-E6D4-4CFB-BC19-5CF2B8BE69BF}.Release|Any CPU.ActiveCfg = Release|Any CPU
		{9C29BADD-E6D4-4CFB-BC19-5CF2B8BE69BF}.Release|Any CPU.Build.0 = Release|Any CPU
		{21491D01-0CB3-4AC4-B2FA-9D192619DE0E}.Debug|Any CPU.ActiveCfg = Debug|Any CPU
		{21491D01-0CB3-4AC4-B2FA-9D192619DE0E}.Debug|Any CPU.Build.0 = Debug|Any CPU
		{21491D01-0CB3-4AC4-B2FA-9D192619DE0E}.Release|Any CPU.ActiveCfg = Release|Any CPU
		{21491D01-0CB3-4AC4-B2FA-9D192619DE0E}.Release|Any CPU.Build.0 = Release|Any CPU
		{A95B0A81-B9FB-4708-ACDA-3FC15C26E54E}.Debug|Any CPU.ActiveCfg = Debug|Any CPU
		{A95B0A81-B9FB-4708-ACDA-3FC15C26E54E}.Debug|Any CPU.Build.0 = Debug|Any CPU
		{A95B0A81-B9FB-4708-ACDA-3FC15C26E54E}.Release|Any CPU.ActiveCfg = Release|Any CPU
		{A95B0A81-B9FB-4708-ACDA-3FC15C26E54E}.Release|Any CPU.Build.0 = Release|Any CPU
		{84C98999-A5D1-481B-A0C4-4B7BA92D9DDA}.Debug|Any CPU.ActiveCfg = Debug|Any CPU
		{84C98999-A5D1-481B-A0C4-4B7BA92D9DDA}.Debug|Any CPU.Build.0 = Debug|Any CPU
		{84C98999-A5D1-481B-A0C4-4B7BA92D9DDA}.Release|Any CPU.ActiveCfg = Release|Any CPU
		{84C98999-A5D1-481B-A0C4-4B7BA92D9DDA}.Release|Any CPU.Build.0 = Release|Any CPU
		{72490112-04E7-4335-A05D-82B8CBCBB949}.Debug|Any CPU.ActiveCfg = Debug|Any CPU
		{72490112-04E7-4335-A05D-82B8CBCBB949}.Debug|Any CPU.Build.0 = Debug|Any CPU
		{72490112-04E7-4335-A05D-82B8CBCBB949}.Release|Any CPU.ActiveCfg = Release|Any CPU
		{72490112-04E7-4335-A05D-82B8CBCBB949}.Release|Any CPU.Build.0 = Release|Any CPU
	EndGlobalSection
	GlobalSection(SolutionProperties) = preSolution
		HideSolutionNode = FALSE
	EndGlobalSection
	GlobalSection(NestedProjects) = preSolution
		{39B00278-DB74-4B28-BE32-B14E4BB5E190} = {72D331DF-3754-4F32-8571-3742D286FD0A}
		{CF0DF6B2-E91D-4C24-B626-D3DAB0413232} = {39B00278-DB74-4B28-BE32-B14E4BB5E190}
		{963088D7-3B4F-4380-8489-561B20F45B72} = {39B00278-DB74-4B28-BE32-B14E4BB5E190}
		{BB1E9158-AE8F-42EE-B69A-17FB18E5327C} = {72D331DF-3754-4F32-8571-3742D286FD0A}
		{28ACBA4F-879C-4520-8F1D-5300F1292459} = {963088D7-3B4F-4380-8489-561B20F45B72}
		{9C29BADD-E6D4-4CFB-BC19-5CF2B8BE69BF} = {963088D7-3B4F-4380-8489-561B20F45B72}
		{21491D01-0CB3-4AC4-B2FA-9D192619DE0E} = {CF0DF6B2-E91D-4C24-B626-D3DAB0413232}
		{A95B0A81-B9FB-4708-ACDA-3FC15C26E54E} = {BB1E9158-AE8F-42EE-B69A-17FB18E5327C}
		{84C98999-A5D1-481B-A0C4-4B7BA92D9DDA} = {BB1E9158-AE8F-42EE-B69A-17FB18E5327C}
		{72490112-04E7-4335-A05D-82B8CBCBB949} = {BB1E9158-AE8F-42EE-B69A-17FB18E5327C}
	EndGlobalSection
	GlobalSection(ExtensibilityGlobals) = postSolution
		SolutionGuid = {16711D8E-BBED-415E-9967-DEF51B89BCD2}
	EndGlobalSection
EndGlobal
